// !$*UTF8*$!
{
	archiveVersion = 1;
	classes = {
	};
	objectVersion = 51;
	objects = {

/* Begin PBXBuildFile section */
		0059B1CEBC51235B36829953 /* Pods_ReizoukoTests.framework in Frameworks */ = {isa = PBXBuildFile; fileRef = 5E4BE9FA0345FE6D91BA5E76 /* Pods_ReizoukoTests.framework */; };
		20FEAA1BAB051561A982BA6A /* Pods_Reizouko_ReizoukoUITests.framework in Frameworks */ = {isa = PBXBuildFile; fileRef = EF3B919BD80541E24DC9F00C /* Pods_Reizouko_ReizoukoUITests.framework */; };
		41763A62E070627BBFCB98B9 /* Pods_Reizouko.framework in Frameworks */ = {isa = PBXBuildFile; fileRef = FFCAD759AA42C3E7F80D9C04 /* Pods_Reizouko.framework */; };
		858CB6D42237688F005B67B4 /* SettingsViewController.swift in Sources */ = {isa = PBXBuildFile; fileRef = 858CB6D32237688F005B67B4 /* SettingsViewController.swift */; };
		85D5397D21F0B67600985262 /* MyUINavigationController.swift in Sources */ = {isa = PBXBuildFile; fileRef = 85D5397C21F0B67600985262 /* MyUINavigationController.swift */; };
		85EF992121A033760009EA9A /* AppDelegate.swift in Sources */ = {isa = PBXBuildFile; fileRef = 85EF992021A033760009EA9A /* AppDelegate.swift */; };
		85EF992321A033770009EA9A /* ViewController.swift in Sources */ = {isa = PBXBuildFile; fileRef = 85EF992221A033770009EA9A /* ViewController.swift */; };
		85EF992621A033770009EA9A /* Main.storyboard in Resources */ = {isa = PBXBuildFile; fileRef = 85EF992421A033770009EA9A /* Main.storyboard */; };
		85EF992821A0337B0009EA9A /* Assets.xcassets in Resources */ = {isa = PBXBuildFile; fileRef = 85EF992721A0337B0009EA9A /* Assets.xcassets */; };
		85EF992B21A0337B0009EA9A /* LaunchScreen.storyboard in Resources */ = {isa = PBXBuildFile; fileRef = 85EF992921A0337B0009EA9A /* LaunchScreen.storyboard */; };
		85EF994F21A18AE70009EA9A /* ShousaiViewController.swift in Sources */ = {isa = PBXBuildFile; fileRef = 85EF994E21A18AE70009EA9A /* ShousaiViewController.swift */; };
		85EF995121B2708F0009EA9A /* CustomCell.swift in Sources */ = {isa = PBXBuildFile; fileRef = 85EF995021B2708F0009EA9A /* CustomCell.swift */; };
		85EF995521B282220009EA9A /* AddfoodViewController.swift in Sources */ = {isa = PBXBuildFile; fileRef = 85EF995421B282220009EA9A /* AddfoodViewController.swift */; };
		85FA91F123DDE801000052B0 /* Settings.bundle in Resources */ = {isa = PBXBuildFile; fileRef = 85FA91F023DDE801000052B0 /* Settings.bundle */; };
/* End PBXBuildFile section */

/* Begin PBXContainerItemProxy section */
		85EF993221A0337B0009EA9A /* PBXContainerItemProxy */ = {
			isa = PBXContainerItemProxy;
			containerPortal = 85EF991521A033760009EA9A /* Project object */;
			proxyType = 1;
			remoteGlobalIDString = 85EF991C21A033760009EA9A;
			remoteInfo = Reizouko;
		};
		85EF993D21A0337B0009EA9A /* PBXContainerItemProxy */ = {
			isa = PBXContainerItemProxy;
			containerPortal = 85EF991521A033760009EA9A /* Project object */;
			proxyType = 1;
			remoteGlobalIDString = 85EF991C21A033760009EA9A;
			remoteInfo = Reizouko;
		};
/* End PBXContainerItemProxy section */

/* Begin PBXFileReference section */
		5E2C14098DCE8581C729DB55 /* Pods-ReizoukoTests.release.xcconfig */ = {isa = PBXFileReference; includeInIndex = 1; lastKnownFileType = text.xcconfig; name = "Pods-ReizoukoTests.release.xcconfig"; path = "Target Support Files/Pods-ReizoukoTests/Pods-ReizoukoTests.release.xcconfig"; sourceTree = "<group>"; };
		5E4BE9FA0345FE6D91BA5E76 /* Pods_ReizoukoTests.framework */ = {isa = PBXFileReference; explicitFileType = wrapper.framework; includeInIndex = 0; path = Pods_ReizoukoTests.framework; sourceTree = BUILT_PRODUCTS_DIR; };
		6CCA0936457559991AB979C8 /* Pods-Reizouko-ReizoukoUITests.debug.xcconfig */ = {isa = PBXFileReference; includeInIndex = 1; lastKnownFileType = text.xcconfig; name = "Pods-Reizouko-ReizoukoUITests.debug.xcconfig"; path = "Target Support Files/Pods-Reizouko-ReizoukoUITests/Pods-Reizouko-ReizoukoUITests.debug.xcconfig"; sourceTree = "<group>"; };
		858CB6D32237688F005B67B4 /* SettingsViewController.swift */ = {isa = PBXFileReference; lastKnownFileType = sourcecode.swift; path = SettingsViewController.swift; sourceTree = "<group>"; };
		85D5397C21F0B67600985262 /* MyUINavigationController.swift */ = {isa = PBXFileReference; lastKnownFileType = sourcecode.swift; path = MyUINavigationController.swift; sourceTree = "<group>"; };
		85EF991D21A033760009EA9A /* Reizouko.app */ = {isa = PBXFileReference; explicitFileType = wrapper.application; includeInIndex = 0; path = Reizouko.app; sourceTree = BUILT_PRODUCTS_DIR; };
		85EF992021A033760009EA9A /* AppDelegate.swift */ = {isa = PBXFileReference; lastKnownFileType = sourcecode.swift; path = AppDelegate.swift; sourceTree = "<group>"; };
		85EF992221A033770009EA9A /* ViewController.swift */ = {isa = PBXFileReference; lastKnownFileType = sourcecode.swift; path = ViewController.swift; sourceTree = "<group>"; };
		85EF992521A033770009EA9A /* Base */ = {isa = PBXFileReference; lastKnownFileType = file.storyboard; name = Base; path = Base.lproj/Main.storyboard; sourceTree = "<group>"; };
		85EF992721A0337B0009EA9A /* Assets.xcassets */ = {isa = PBXFileReference; lastKnownFileType = folder.assetcatalog; path = Assets.xcassets; sourceTree = "<group>"; };
		85EF992A21A0337B0009EA9A /* Base */ = {isa = PBXFileReference; lastKnownFileType = file.storyboard; name = Base; path = Base.lproj/LaunchScreen.storyboard; sourceTree = "<group>"; };
		85EF992C21A0337B0009EA9A /* Info.plist */ = {isa = PBXFileReference; lastKnownFileType = text.plist.xml; path = Info.plist; sourceTree = "<group>"; };
		85EF993121A0337B0009EA9A /* ReizoukoTests.xctest */ = {isa = PBXFileReference; explicitFileType = wrapper.cfbundle; includeInIndex = 0; path = ReizoukoTests.xctest; sourceTree = BUILT_PRODUCTS_DIR; };
		85EF993C21A0337B0009EA9A /* ReizoukoUITests.xctest */ = {isa = PBXFileReference; explicitFileType = wrapper.cfbundle; includeInIndex = 0; path = ReizoukoUITests.xctest; sourceTree = BUILT_PRODUCTS_DIR; };
		85EF994E21A18AE70009EA9A /* ShousaiViewController.swift */ = {isa = PBXFileReference; lastKnownFileType = sourcecode.swift; path = ShousaiViewController.swift; sourceTree = "<group>"; };
		85EF995021B2708F0009EA9A /* CustomCell.swift */ = {isa = PBXFileReference; lastKnownFileType = sourcecode.swift; path = CustomCell.swift; sourceTree = "<group>"; };
		85EF995421B282220009EA9A /* AddfoodViewController.swift */ = {isa = PBXFileReference; lastKnownFileType = sourcecode.swift; path = AddfoodViewController.swift; sourceTree = "<group>"; };
		85FA91F023DDE801000052B0 /* Settings.bundle */ = {isa = PBXFileReference; lastKnownFileType = "wrapper.plug-in"; path = Settings.bundle; sourceTree = "<group>"; };
		86D1355E19396F4A1D021480 /* Pods-Reizouko.debug.xcconfig */ = {isa = PBXFileReference; includeInIndex = 1; lastKnownFileType = text.xcconfig; name = "Pods-Reizouko.debug.xcconfig"; path = "Target Support Files/Pods-Reizouko/Pods-Reizouko.debug.xcconfig"; sourceTree = "<group>"; };
		B332FB01427745DDED59751A /* Pods-ReizoukoTests.debug.xcconfig */ = {isa = PBXFileReference; includeInIndex = 1; lastKnownFileType = text.xcconfig; name = "Pods-ReizoukoTests.debug.xcconfig"; path = "Target Support Files/Pods-ReizoukoTests/Pods-ReizoukoTests.debug.xcconfig"; sourceTree = "<group>"; };
		C50991D925A301A3B02D6616 /* Pods-Reizouko-ReizoukoUITests.release.xcconfig */ = {isa = PBXFileReference; includeInIndex = 1; lastKnownFileType = text.xcconfig; name = "Pods-Reizouko-ReizoukoUITests.release.xcconfig"; path = "Target Support Files/Pods-Reizouko-ReizoukoUITests/Pods-Reizouko-ReizoukoUITests.release.xcconfig"; sourceTree = "<group>"; };
		D8441F8EC96941BD4D99CFA6 /* Pods-Reizouko.release.xcconfig */ = {isa = PBXFileReference; includeInIndex = 1; lastKnownFileType = text.xcconfig; name = "Pods-Reizouko.release.xcconfig"; path = "Target Support Files/Pods-Reizouko/Pods-Reizouko.release.xcconfig"; sourceTree = "<group>"; };
		EF3B919BD80541E24DC9F00C /* Pods_Reizouko_ReizoukoUITests.framework */ = {isa = PBXFileReference; explicitFileType = wrapper.framework; includeInIndex = 0; path = Pods_Reizouko_ReizoukoUITests.framework; sourceTree = BUILT_PRODUCTS_DIR; };
		FFCAD759AA42C3E7F80D9C04 /* Pods_Reizouko.framework */ = {isa = PBXFileReference; explicitFileType = wrapper.framework; includeInIndex = 0; path = Pods_Reizouko.framework; sourceTree = BUILT_PRODUCTS_DIR; };
/* End PBXFileReference section */

/* Begin PBXFrameworksBuildPhase section */
		85EF991A21A033760009EA9A /* Frameworks */ = {
			isa = PBXFrameworksBuildPhase;
			buildActionMask = 2147483647;
			files = (
				41763A62E070627BBFCB98B9 /* Pods_Reizouko.framework in Frameworks */,
			);
			runOnlyForDeploymentPostprocessing = 0;
		};
		85EF992E21A0337B0009EA9A /* Frameworks */ = {
			isa = PBXFrameworksBuildPhase;
			buildActionMask = 2147483647;
			files = (
				0059B1CEBC51235B36829953 /* Pods_ReizoukoTests.framework in Frameworks */,
			);
			runOnlyForDeploymentPostprocessing = 0;
		};
		85EF993921A0337B0009EA9A /* Frameworks */ = {
			isa = PBXFrameworksBuildPhase;
			buildActionMask = 2147483647;
			files = (
				20FEAA1BAB051561A982BA6A /* Pods_Reizouko_ReizoukoUITests.framework in Frameworks */,
			);
			runOnlyForDeploymentPostprocessing = 0;
		};
/* End PBXFrameworksBuildPhase section */

/* Begin PBXGroup section */
		30F456720D55A024D5D3E4EE /* Frameworks */ = {
			isa = PBXGroup;
			children = (
				FFCAD759AA42C3E7F80D9C04 /* Pods_Reizouko.framework */,
				EF3B919BD80541E24DC9F00C /* Pods_Reizouko_ReizoukoUITests.framework */,
				5E4BE9FA0345FE6D91BA5E76 /* Pods_ReizoukoTests.framework */,
			);
			name = Frameworks;
			sourceTree = "<group>";
		};
		85EF991421A033760009EA9A = {
			isa = PBXGroup;
			children = (
				85EF991F21A033760009EA9A /* Reizouko */,
				85EF991E21A033760009EA9A /* Products */,
				E5E4AEBF8ABBDE3F6EE5A502 /* Pods */,
				30F456720D55A024D5D3E4EE /* Frameworks */,
			);
			sourceTree = "<group>";
		};
		85EF991E21A033760009EA9A /* Products */ = {
			isa = PBXGroup;
			children = (
				85EF991D21A033760009EA9A /* Reizouko.app */,
				85EF993121A0337B0009EA9A /* ReizoukoTests.xctest */,
				85EF993C21A0337B0009EA9A /* ReizoukoUITests.xctest */,
			);
			name = Products;
			sourceTree = "<group>";
		};
		85EF991F21A033760009EA9A /* Reizouko */ = {
			isa = PBXGroup;
			children = (
				85EF992021A033760009EA9A /* AppDelegate.swift */,
				85EF992221A033770009EA9A /* ViewController.swift */,
				85EF995421B282220009EA9A /* AddfoodViewController.swift */,
				85EF994E21A18AE70009EA9A /* ShousaiViewController.swift */,
				858CB6D32237688F005B67B4 /* SettingsViewController.swift */,
				85EF992421A033770009EA9A /* Main.storyboard */,
				85EF992721A0337B0009EA9A /* Assets.xcassets */,
				85EF992921A0337B0009EA9A /* LaunchScreen.storyboard */,
				85EF992C21A0337B0009EA9A /* Info.plist */,
				85EF995021B2708F0009EA9A /* CustomCell.swift */,
				85D5397C21F0B67600985262 /* MyUINavigationController.swift */,
				85FA91F023DDE801000052B0 /* Settings.bundle */,
			);
			path = Reizouko;
			sourceTree = "<group>";
		};
		E5E4AEBF8ABBDE3F6EE5A502 /* Pods */ = {
			isa = PBXGroup;
			children = (
				86D1355E19396F4A1D021480 /* Pods-Reizouko.debug.xcconfig */,
				D8441F8EC96941BD4D99CFA6 /* Pods-Reizouko.release.xcconfig */,
				6CCA0936457559991AB979C8 /* Pods-Reizouko-ReizoukoUITests.debug.xcconfig */,
				C50991D925A301A3B02D6616 /* Pods-Reizouko-ReizoukoUITests.release.xcconfig */,
				B332FB01427745DDED59751A /* Pods-ReizoukoTests.debug.xcconfig */,
				5E2C14098DCE8581C729DB55 /* Pods-ReizoukoTests.release.xcconfig */,
			);
			path = Pods;
			sourceTree = "<group>";
		};
/* End PBXGroup section */

/* Begin PBXNativeTarget section */
		85EF991C21A033760009EA9A /* Reizouko */ = {
			isa = PBXNativeTarget;
			buildConfigurationList = 85EF994521A0337B0009EA9A /* Build configuration list for PBXNativeTarget "Reizouko" */;
			buildPhases = (
				7959CE148004EA765F48E776 /* [CP] Check Pods Manifest.lock */,
				85EF991921A033760009EA9A /* Sources */,
				85EF991A21A033760009EA9A /* Frameworks */,
				85EF991B21A033760009EA9A /* Resources */,
				778373B3B68F5A589609EA17 /* [CP] Embed Pods Frameworks */,
				85FA91EF23DDE771000052B0 /* LicensePlist */,
			);
			buildRules = (
			);
			dependencies = (
			);
			name = Reizouko;
			productName = Reizouko;
			productReference = 85EF991D21A033760009EA9A /* Reizouko.app */;
			productType = "com.apple.product-type.application";
		};
		85EF993021A0337B0009EA9A /* ReizoukoTests */ = {
			isa = PBXNativeTarget;
			buildConfigurationList = 85EF994821A0337B0009EA9A /* Build configuration list for PBXNativeTarget "ReizoukoTests" */;
			buildPhases = (
				21E85A7687C28C0062EFFAA6 /* [CP] Check Pods Manifest.lock */,
				85EF992D21A0337B0009EA9A /* Sources */,
				85EF992E21A0337B0009EA9A /* Frameworks */,
				85EF992F21A0337B0009EA9A /* Resources */,
			);
			buildRules = (
			);
			dependencies = (
				85EF993321A0337B0009EA9A /* PBXTargetDependency */,
			);
			name = ReizoukoTests;
			productName = ReizoukoTests;
			productReference = 85EF993121A0337B0009EA9A /* ReizoukoTests.xctest */;
			productType = "com.apple.product-type.bundle.unit-test";
		};
		85EF993B21A0337B0009EA9A /* ReizoukoUITests */ = {
			isa = PBXNativeTarget;
			buildConfigurationList = 85EF994B21A0337B0009EA9A /* Build configuration list for PBXNativeTarget "ReizoukoUITests" */;
			buildPhases = (
				6FF502258ACF2D06531C8FE8 /* [CP] Check Pods Manifest.lock */,
				85EF993821A0337B0009EA9A /* Sources */,
				85EF993921A0337B0009EA9A /* Frameworks */,
				85EF993A21A0337B0009EA9A /* Resources */,
				AB04A0DE00BCF9C8735A1C64 /* [CP] Embed Pods Frameworks */,
			);
			buildRules = (
			);
			dependencies = (
				85EF993E21A0337B0009EA9A /* PBXTargetDependency */,
			);
			name = ReizoukoUITests;
			productName = ReizoukoUITests;
			productReference = 85EF993C21A0337B0009EA9A /* ReizoukoUITests.xctest */;
			productType = "com.apple.product-type.bundle.ui-testing";
		};
/* End PBXNativeTarget section */

/* Begin PBXProject section */
		85EF991521A033760009EA9A /* Project object */ = {
			isa = PBXProject;
			attributes = {
				LastSwiftUpdateCheck = 1010;
				LastUpgradeCheck = 1010;
				ORGANIZATIONNAME = "Kudo Ayana";
				TargetAttributes = {
					85EF991C21A033760009EA9A = {
						CreatedOnToolsVersion = 10.1;
					};
					85EF993021A0337B0009EA9A = {
						CreatedOnToolsVersion = 10.1;
						TestTargetID = 85EF991C21A033760009EA9A;
					};
					85EF993B21A0337B0009EA9A = {
						CreatedOnToolsVersion = 10.1;
						TestTargetID = 85EF991C21A033760009EA9A;
					};
				};
			};
			buildConfigurationList = 85EF991821A033760009EA9A /* Build configuration list for PBXProject "Reizouko" */;
			compatibilityVersion = "Xcode 9.3";
			developmentRegion = en;
			hasScannedForEncodings = 0;
			knownRegions = (
				en,
				Base,
			);
			mainGroup = 85EF991421A033760009EA9A;
			productRefGroup = 85EF991E21A033760009EA9A /* Products */;
			projectDirPath = "";
			projectRoot = "";
			targets = (
				85EF991C21A033760009EA9A /* Reizouko */,
				85EF993021A0337B0009EA9A /* ReizoukoTests */,
				85EF993B21A0337B0009EA9A /* ReizoukoUITests */,
			);
		};
/* End PBXProject section */

/* Begin PBXResourcesBuildPhase section */
		85EF991B21A033760009EA9A /* Resources */ = {
			isa = PBXResourcesBuildPhase;
			buildActionMask = 2147483647;
			files = (
				85FA91F123DDE801000052B0 /* Settings.bundle in Resources */,
				85EF992B21A0337B0009EA9A /* LaunchScreen.storyboard in Resources */,
				85EF992821A0337B0009EA9A /* Assets.xcassets in Resources */,
				85EF992621A033770009EA9A /* Main.storyboard in Resources */,
			);
			runOnlyForDeploymentPostprocessing = 0;
		};
		85EF992F21A0337B0009EA9A /* Resources */ = {
			isa = PBXResourcesBuildPhase;
			buildActionMask = 2147483647;
			files = (
			);
			runOnlyForDeploymentPostprocessing = 0;
		};
		85EF993A21A0337B0009EA9A /* Resources */ = {
			isa = PBXResourcesBuildPhase;
			buildActionMask = 2147483647;
			files = (
			);
			runOnlyForDeploymentPostprocessing = 0;
		};
/* End PBXResourcesBuildPhase section */

/* Begin PBXShellScriptBuildPhase section */
		21E85A7687C28C0062EFFAA6 /* [CP] Check Pods Manifest.lock */ = {
			isa = PBXShellScriptBuildPhase;
			buildActionMask = 2147483647;
			files = (
			);
			inputFileListPaths = (
			);
			inputPaths = (
				"${PODS_PODFILE_DIR_PATH}/Podfile.lock",
				"${PODS_ROOT}/Manifest.lock",
			);
			name = "[CP] Check Pods Manifest.lock";
			outputFileListPaths = (
			);
			outputPaths = (
				"$(DERIVED_FILE_DIR)/Pods-ReizoukoTests-checkManifestLockResult.txt",
			);
			runOnlyForDeploymentPostprocessing = 0;
			shellPath = /bin/sh;
			shellScript = "diff \"${PODS_PODFILE_DIR_PATH}/Podfile.lock\" \"${PODS_ROOT}/Manifest.lock\" > /dev/null\nif [ $? != 0 ] ; then\n    # print error to STDERR\n    echo \"error: The sandbox is not in sync with the Podfile.lock. Run 'pod install' or update your CocoaPods installation.\" >&2\n    exit 1\nfi\n# This output is used by Xcode 'outputs' to avoid re-running this script phase.\necho \"SUCCESS\" > \"${SCRIPT_OUTPUT_FILE_0}\"\n";
			showEnvVarsInLog = 0;
		};
		6FF502258ACF2D06531C8FE8 /* [CP] Check Pods Manifest.lock */ = {
			isa = PBXShellScriptBuildPhase;
			buildActionMask = 2147483647;
			files = (
			);
			inputFileListPaths = (
			);
			inputPaths = (
				"${PODS_PODFILE_DIR_PATH}/Podfile.lock",
				"${PODS_ROOT}/Manifest.lock",
			);
			name = "[CP] Check Pods Manifest.lock";
			outputFileListPaths = (
			);
			outputPaths = (
				"$(DERIVED_FILE_DIR)/Pods-Reizouko-ReizoukoUITests-checkManifestLockResult.txt",
			);
			runOnlyForDeploymentPostprocessing = 0;
			shellPath = /bin/sh;
			shellScript = "diff \"${PODS_PODFILE_DIR_PATH}/Podfile.lock\" \"${PODS_ROOT}/Manifest.lock\" > /dev/null\nif [ $? != 0 ] ; then\n    # print error to STDERR\n    echo \"error: The sandbox is not in sync with the Podfile.lock. Run 'pod install' or update your CocoaPods installation.\" >&2\n    exit 1\nfi\n# This output is used by Xcode 'outputs' to avoid re-running this script phase.\necho \"SUCCESS\" > \"${SCRIPT_OUTPUT_FILE_0}\"\n";
			showEnvVarsInLog = 0;
		};
		778373B3B68F5A589609EA17 /* [CP] Embed Pods Frameworks */ = {
			isa = PBXShellScriptBuildPhase;
			buildActionMask = 2147483647;
			files = (
			);
			inputFileListPaths = (
				"${PODS_ROOT}/Target Support Files/Pods-Reizouko/Pods-Reizouko-frameworks-${CONFIGURATION}-input-files.xcfilelist",
			);
			name = "[CP] Embed Pods Frameworks";
			outputFileListPaths = (
				"${PODS_ROOT}/Target Support Files/Pods-Reizouko/Pods-Reizouko-frameworks-${CONFIGURATION}-output-files.xcfilelist",
			);
			runOnlyForDeploymentPostprocessing = 0;
			shellPath = /bin/sh;
			shellScript = "\"${PODS_ROOT}/Target Support Files/Pods-Reizouko/Pods-Reizouko-frameworks.sh\"\n";
			showEnvVarsInLog = 0;
		};
		7959CE148004EA765F48E776 /* [CP] Check Pods Manifest.lock */ = {
			isa = PBXShellScriptBuildPhase;
			buildActionMask = 2147483647;
			files = (
			);
			inputFileListPaths = (
			);
			inputPaths = (
				"${PODS_PODFILE_DIR_PATH}/Podfile.lock",
				"${PODS_ROOT}/Manifest.lock",
			);
			name = "[CP] Check Pods Manifest.lock";
			outputFileListPaths = (
			);
			outputPaths = (
				"$(DERIVED_FILE_DIR)/Pods-Reizouko-checkManifestLockResult.txt",
			);
			runOnlyForDeploymentPostprocessing = 0;
			shellPath = /bin/sh;
			shellScript = "diff \"${PODS_PODFILE_DIR_PATH}/Podfile.lock\" \"${PODS_ROOT}/Manifest.lock\" > /dev/null\nif [ $? != 0 ] ; then\n    # print error to STDERR\n    echo \"error: The sandbox is not in sync with the Podfile.lock. Run 'pod install' or update your CocoaPods installation.\" >&2\n    exit 1\nfi\n# This output is used by Xcode 'outputs' to avoid re-running this script phase.\necho \"SUCCESS\" > \"${SCRIPT_OUTPUT_FILE_0}\"\n";
			showEnvVarsInLog = 0;
		};
		85FA91EF23DDE771000052B0 /* LicensePlist */ = {
			isa = PBXShellScriptBuildPhase;
			buildActionMask = 2147483647;
			files = (
			);
			inputFileListPaths = (
			);
			inputPaths = (
			);
			name = LicensePlist;
			outputFileListPaths = (
			);
			outputPaths = (
			);
			runOnlyForDeploymentPostprocessing = 0;
			shellPath = /bin/sh;
			shellScript = "if [ $CONFIGURATION = \"Debug\" ]; then\n${PODS_ROOT}/LicensePlist/license-plist --output-path $PRODUCT_NAME/Settings.bundle --github-token YOUR_GITHUB_TOKEN\nfi\n";
		};
		AB04A0DE00BCF9C8735A1C64 /* [CP] Embed Pods Frameworks */ = {
			isa = PBXShellScriptBuildPhase;
			buildActionMask = 2147483647;
			files = (
			);
			inputFileListPaths = (
				"${PODS_ROOT}/Target Support Files/Pods-Reizouko-ReizoukoUITests/Pods-Reizouko-ReizoukoUITests-frameworks-${CONFIGURATION}-input-files.xcfilelist",
			);
			name = "[CP] Embed Pods Frameworks";
			outputFileListPaths = (
				"${PODS_ROOT}/Target Support Files/Pods-Reizouko-ReizoukoUITests/Pods-Reizouko-ReizoukoUITests-frameworks-${CONFIGURATION}-output-files.xcfilelist",
			);
			runOnlyForDeploymentPostprocessing = 0;
			shellPath = /bin/sh;
			shellScript = "\"${PODS_ROOT}/Target Support Files/Pods-Reizouko-ReizoukoUITests/Pods-Reizouko-ReizoukoUITests-frameworks.sh\"\n";
			showEnvVarsInLog = 0;
		};
/* End PBXShellScriptBuildPhase section */

/* Begin PBXSourcesBuildPhase section */
		85EF991921A033760009EA9A /* Sources */ = {
			isa = PBXSourcesBuildPhase;
			buildActionMask = 2147483647;
			files = (
				85EF995521B282220009EA9A /* AddfoodViewController.swift in Sources */,
				85EF994F21A18AE70009EA9A /* ShousaiViewController.swift in Sources */,
				858CB6D42237688F005B67B4 /* SettingsViewController.swift in Sources */,
				85EF992321A033770009EA9A /* ViewController.swift in Sources */,
				85EF995121B2708F0009EA9A /* CustomCell.swift in Sources */,
				85EF992121A033760009EA9A /* AppDelegate.swift in Sources */,
				85D5397D21F0B67600985262 /* MyUINavigationController.swift in Sources */,
			);
			runOnlyForDeploymentPostprocessing = 0;
		};
		85EF992D21A0337B0009EA9A /* Sources */ = {
			isa = PBXSourcesBuildPhase;
			buildActionMask = 2147483647;
			files = (
			);
			runOnlyForDeploymentPostprocessing = 0;
		};
		85EF993821A0337B0009EA9A /* Sources */ = {
			isa = PBXSourcesBuildPhase;
			buildActionMask = 2147483647;
			files = (
			);
			runOnlyForDeploymentPostprocessing = 0;
		};
/* End PBXSourcesBuildPhase section */

/* Begin PBXTargetDependency section */
		85EF993321A0337B0009EA9A /* PBXTargetDependency */ = {
			isa = PBXTargetDependency;
			target = 85EF991C21A033760009EA9A /* Reizouko */;
			targetProxy = 85EF993221A0337B0009EA9A /* PBXContainerItemProxy */;
		};
		85EF993E21A0337B0009EA9A /* PBXTargetDependency */ = {
			isa = PBXTargetDependency;
			target = 85EF991C21A033760009EA9A /* Reizouko */;
			targetProxy = 85EF993D21A0337B0009EA9A /* PBXContainerItemProxy */;
		};
/* End PBXTargetDependency section */

/* Begin PBXVariantGroup section */
		85EF992421A033770009EA9A /* Main.storyboard */ = {
			isa = PBXVariantGroup;
			children = (
				85EF992521A033770009EA9A /* Base */,
			);
			name = Main.storyboard;
			sourceTree = "<group>";
		};
		85EF992921A0337B0009EA9A /* LaunchScreen.storyboard */ = {
			isa = PBXVariantGroup;
			children = (
				85EF992A21A0337B0009EA9A /* Base */,
			);
			name = LaunchScreen.storyboard;
			sourceTree = "<group>";
		};
/* End PBXVariantGroup section */

/* Begin XCBuildConfiguration section */
		85EF994321A0337B0009EA9A /* Debug */ = {
			isa = XCBuildConfiguration;
			buildSettings = {
				ALWAYS_SEARCH_USER_PATHS = NO;
				CLANG_ANALYZER_NONNULL = YES;
				CLANG_ANALYZER_NUMBER_OBJECT_CONVERSION = YES_AGGRESSIVE;
				CLANG_CXX_LANGUAGE_STANDARD = "gnu++14";
				CLANG_CXX_LIBRARY = "libc++";
				CLANG_ENABLE_MODULES = YES;
				CLANG_ENABLE_OBJC_ARC = YES;
				CLANG_ENABLE_OBJC_WEAK = YES;
				CLANG_WARN_BLOCK_CAPTURE_AUTORELEASING = YES;
				CLANG_WARN_BOOL_CONVERSION = YES;
				CLANG_WARN_COMMA = YES;
				CLANG_WARN_CONSTANT_CONVERSION = YES;
				CLANG_WARN_DEPRECATED_OBJC_IMPLEMENTATIONS = YES;
				CLANG_WARN_DIRECT_OBJC_ISA_USAGE = YES_ERROR;
				CLANG_WARN_DOCUMENTATION_COMMENTS = YES;
				CLANG_WARN_EMPTY_BODY = YES;
				CLANG_WARN_ENUM_CONVERSION = YES;
				CLANG_WARN_INFINITE_RECURSION = YES;
				CLANG_WARN_INT_CONVERSION = YES;
				CLANG_WARN_NON_LITERAL_NULL_CONVERSION = YES;
				CLANG_WARN_OBJC_IMPLICIT_RETAIN_SELF = YES;
				CLANG_WARN_OBJC_LITERAL_CONVERSION = YES;
				CLANG_WARN_OBJC_ROOT_CLASS = YES_ERROR;
				CLANG_WARN_RANGE_LOOP_ANALYSIS = YES;
				CLANG_WARN_STRICT_PROTOTYPES = YES;
				CLANG_WARN_SUSPICIOUS_MOVE = YES;
				CLANG_WARN_UNGUARDED_AVAILABILITY = YES_AGGRESSIVE;
				CLANG_WARN_UNREACHABLE_CODE = YES;
				CLANG_WARN__DUPLICATE_METHOD_MATCH = YES;
				CODE_SIGN_IDENTITY = "iPhone Developer";
				COPY_PHASE_STRIP = NO;
				DEBUG_INFORMATION_FORMAT = dwarf;
				ENABLE_STRICT_OBJC_MSGSEND = YES;
				ENABLE_TESTABILITY = YES;
				GCC_C_LANGUAGE_STANDARD = gnu11;
				GCC_DYNAMIC_NO_PIC = NO;
				GCC_NO_COMMON_BLOCKS = YES;
				GCC_OPTIMIZATION_LEVEL = 0;
				GCC_PREPROCESSOR_DEFINITIONS = (
					"DEBUG=1",
					"$(inherited)",
				);
				GCC_WARN_64_TO_32_BIT_CONVERSION = YES;
				GCC_WARN_ABOUT_RETURN_TYPE = YES_ERROR;
				GCC_WARN_UNDECLARED_SELECTOR = YES;
				GCC_WARN_UNINITIALIZED_AUTOS = YES_AGGRESSIVE;
				GCC_WARN_UNUSED_FUNCTION = YES;
				GCC_WARN_UNUSED_VARIABLE = YES;
				IPHONEOS_DEPLOYMENT_TARGET = 12.1;
				MTL_ENABLE_DEBUG_INFO = INCLUDE_SOURCE;
				MTL_FAST_MATH = YES;
				ONLY_ACTIVE_ARCH = YES;
				SDKROOT = iphoneos;
				SWIFT_ACTIVE_COMPILATION_CONDITIONS = DEBUG;
				SWIFT_OPTIMIZATION_LEVEL = "-Onone";
			};
			name = Debug;
		};
		85EF994421A0337B0009EA9A /* Release */ = {
			isa = XCBuildConfiguration;
			buildSettings = {
				ALWAYS_SEARCH_USER_PATHS = NO;
				CLANG_ANALYZER_NONNULL = YES;
				CLANG_ANALYZER_NUMBER_OBJECT_CONVERSION = YES_AGGRESSIVE;
				CLANG_CXX_LANGUAGE_STANDARD = "gnu++14";
				CLANG_CXX_LIBRARY = "libc++";
				CLANG_ENABLE_MODULES = YES;
				CLANG_ENABLE_OBJC_ARC = YES;
				CLANG_ENABLE_OBJC_WEAK = YES;
				CLANG_WARN_BLOCK_CAPTURE_AUTORELEASING = YES;
				CLANG_WARN_BOOL_CONVERSION = YES;
				CLANG_WARN_COMMA = YES;
				CLANG_WARN_CONSTANT_CONVERSION = YES;
				CLANG_WARN_DEPRECATED_OBJC_IMPLEMENTATIONS = YES;
				CLANG_WARN_DIRECT_OBJC_ISA_USAGE = YES_ERROR;
				CLANG_WARN_DOCUMENTATION_COMMENTS = YES;
				CLANG_WARN_EMPTY_BODY = YES;
				CLANG_WARN_ENUM_CONVERSION = YES;
				CLANG_WARN_INFINITE_RECURSION = YES;
				CLANG_WARN_INT_CONVERSION = YES;
				CLANG_WARN_NON_LITERAL_NULL_CONVERSION = YES;
				CLANG_WARN_OBJC_IMPLICIT_RETAIN_SELF = YES;
				CLANG_WARN_OBJC_LITERAL_CONVERSION = YES;
				CLANG_WARN_OBJC_ROOT_CLASS = YES_ERROR;
				CLANG_WARN_RANGE_LOOP_ANALYSIS = YES;
				CLANG_WARN_STRICT_PROTOTYPES = YES;
				CLANG_WARN_SUSPICIOUS_MOVE = YES;
				CLANG_WARN_UNGUARDED_AVAILABILITY = YES_AGGRESSIVE;
				CLANG_WARN_UNREACHABLE_CODE = YES;
				CLANG_WARN__DUPLICATE_METHOD_MATCH = YES;
				CODE_SIGN_IDENTITY = "iPhone Developer";
				COPY_PHASE_STRIP = NO;
				DEBUG_INFORMATION_FORMAT = "dwarf-with-dsym";
				ENABLE_NS_ASSERTIONS = NO;
				ENABLE_STRICT_OBJC_MSGSEND = YES;
				GCC_C_LANGUAGE_STANDARD = gnu11;
				GCC_NO_COMMON_BLOCKS = YES;
				GCC_WARN_64_TO_32_BIT_CONVERSION = YES;
				GCC_WARN_ABOUT_RETURN_TYPE = YES_ERROR;
				GCC_WARN_UNDECLARED_SELECTOR = YES;
				GCC_WARN_UNINITIALIZED_AUTOS = YES_AGGRESSIVE;
				GCC_WARN_UNUSED_FUNCTION = YES;
				GCC_WARN_UNUSED_VARIABLE = YES;
				IPHONEOS_DEPLOYMENT_TARGET = 12.1;
				MTL_ENABLE_DEBUG_INFO = NO;
				MTL_FAST_MATH = YES;
				SDKROOT = iphoneos;
				SWIFT_COMPILATION_MODE = wholemodule;
				SWIFT_OPTIMIZATION_LEVEL = "-O";
				VALIDATE_PRODUCT = YES;
			};
			name = Release;
		};
		85EF994621A0337B0009EA9A /* Debug */ = {
			isa = XCBuildConfiguration;
			baseConfigurationReference = 86D1355E19396F4A1D021480 /* Pods-Reizouko.debug.xcconfig */;
			buildSettings = {
				ASSETCATALOG_COMPILER_APPICON_NAME = AppIcon;
				CODE_SIGN_STYLE = Automatic;
				DEVELOPMENT_TEAM = NWPYC5C8JF;
				INFOPLIST_FILE = Reizouko/Info.plist;
				IPHONEOS_DEPLOYMENT_TARGET = 12.4;
				LD_RUNPATH_SEARCH_PATHS = (
					"$(inherited)",
					"@executable_path/Frameworks",
				);
				PRODUCT_BUNDLE_IDENTIFIER = com.kudoayana.myzouko;
				PRODUCT_NAME = "$(TARGET_NAME)";
				SWIFT_VERSION = 4.2;
				TARGETED_DEVICE_FAMILY = 1;
			};
			name = Debug;
		};
		85EF994721A0337B0009EA9A /* Release */ = {
			isa = XCBuildConfiguration;
			baseConfigurationReference = D8441F8EC96941BD4D99CFA6 /* Pods-Reizouko.release.xcconfig */;
			buildSettings = {
				ASSETCATALOG_COMPILER_APPICON_NAME = AppIcon;
				CODE_SIGN_STYLE = Automatic;
				DEVELOPMENT_TEAM = NWPYC5C8JF;
				INFOPLIST_FILE = Reizouko/Info.plist;
				IPHONEOS_DEPLOYMENT_TARGET = 12.4;
				LD_RUNPATH_SEARCH_PATHS = (
					"$(inherited)",
					"@executable_path/Frameworks",
				);
				PRODUCT_BUNDLE_IDENTIFIER = com.kudoayana.myzouko;
				PRODUCT_NAME = "$(TARGET_NAME)";
				SWIFT_VERSION = 4.2;
				TARGETED_DEVICE_FAMILY = 1;
			};
			name = Release;
		};
		85EF994921A0337B0009EA9A /* Debug */ = {
			isa = XCBuildConfiguration;
			baseConfigurationReference = B332FB01427745DDED59751A /* Pods-ReizoukoTests.debug.xcconfig */;
			buildSettings = {
				ALWAYS_EMBED_SWIFT_STANDARD_LIBRARIES = YES;
				BUNDLE_LOADER = "$(TEST_HOST)";
				CODE_SIGN_STYLE = Automatic;
				DEVELOPMENT_TEAM = NWPYC5C8JF;
				INFOPLIST_FILE = ReizoukoTests/Info.plist;
				LD_RUNPATH_SEARCH_PATHS = (
					"$(inherited)",
					"@executable_path/Frameworks",
					"@loader_path/Frameworks",
				);
				PRODUCT_BUNDLE_IDENTIFIER = com.kudoayana.ReizoukoTests;
				PRODUCT_NAME = "$(TARGET_NAME)";
				SWIFT_VERSION = 4.2;
				TARGETED_DEVICE_FAMILY = "1,2";
				TEST_HOST = "$(BUILT_PRODUCTS_DIR)/Reizouko.app/Reizouko";
			};
			name = Debug;
		};
		85EF994A21A0337B0009EA9A /* Release */ = {
			isa = XCBuildConfiguration;
			baseConfigurationReference = 5E2C14098DCE8581C729DB55 /* Pods-ReizoukoTests.release.xcconfig */;
			buildSettings = {
				ALWAYS_EMBED_SWIFT_STANDARD_LIBRARIES = YES;
				BUNDLE_LOADER = "$(TEST_HOST)";
				CODE_SIGN_STYLE = Automatic;
				DEVELOPMENT_TEAM = NWPYC5C8JF;
				INFOPLIST_FILE = ReizoukoTests/Info.plist;
				LD_RUNPATH_SEARCH_PATHS = (
					"$(inherited)",
					"@executable_path/Frameworks",
					"@loader_path/Frameworks",
				);
				PRODUCT_BUNDLE_IDENTIFIER = com.kudoayana.ReizoukoTests;
				PRODUCT_NAME = "$(TARGET_NAME)";
				SWIFT_VERSION = 4.2;
				TARGETED_DEVICE_FAMILY = "1,2";
				TEST_HOST = "$(BUILT_PRODUCTS_DIR)/Reizouko.app/Reizouko";
			};
			name = Release;
		};
		85EF994C21A0337B0009EA9A /* Debug */ = {
			isa = XCBuildConfiguration;
			baseConfigurationReference = 6CCA0936457559991AB979C8 /* Pods-Reizouko-ReizoukoUITests.debug.xcconfig */;
			buildSettings = {
				ALWAYS_EMBED_SWIFT_STANDARD_LIBRARIES = YES;
				CODE_SIGN_STYLE = Automatic;
				DEVELOPMENT_TEAM = NWPYC5C8JF;
				INFOPLIST_FILE = ReizoukoUITests/Info.plist;
				LD_RUNPATH_SEARCH_PATHS = (
					"$(inherited)",
					"@executable_path/Frameworks",
					"@loader_path/Frameworks",
				);
				PRODUCT_BUNDLE_IDENTIFIER = com.kudoayana.ReizoukoUITests;
				PRODUCT_NAME = "$(TARGET_NAME)";
				SWIFT_VERSION = 4.2;
				TARGETED_DEVICE_FAMILY = "1,2";
				TEST_TARGET_NAME = Reizouko;
			};
			name = Debug;
		};
		85EF994D21A0337B0009EA9A /* Release */ = {
			isa = XCBuildConfiguration;
			baseConfigurationReference = C50991D925A301A3B02D6616 /* Pods-Reizouko-ReizoukoUITests.release.xcconfig */;
			buildSettings = {
				ALWAYS_EMBED_SWIFT_STANDARD_LIBRARIES = YES;
				CODE_SIGN_STYLE = Automatic;
				DEVELOPMENT_TEAM = NWPYC5C8JF;
				INFOPLIST_FILE = ReizoukoUITests/Info.plist;
				LD_RUNPATH_SEARCH_PATHS = (
					"$(inherited)",
					"@executable_path/Frameworks",
					"@loader_path/Frameworks",
				);
				PRODUCT_BUNDLE_IDENTIFIER = com.kudoayana.ReizoukoUITests;
				PRODUCT_NAME = "$(TARGET_NAME)";
				SWIFT_VERSION = 4.2;
				TARGETED_DEVICE_FAMILY = "1,2";
				TEST_TARGET_NAME = Reizouko;
			};
			name = Release;
		};
/* End XCBuildConfiguration section */

/* Begin XCConfigurationList section */
		85EF991821A033760009EA9A /* Build configuration list for PBXProject "Reizouko" */ = {
			isa = XCConfigurationList;
			buildConfigurations = (
				85EF994321A0337B0009EA9A /* Debug */,
				85EF994421A0337B0009EA9A /* Release */,
			);
			defaultConfigurationIsVisible = 0;
			defaultConfigurationName = Release;
		};
		85EF994521A0337B0009EA9A /* Build configuration list for PBXNativeTarget "Reizouko" */ = {
			isa = XCConfigurationList;
			buildConfigurations = (
				85EF994621A0337B0009EA9A /* Debug */,
				85EF994721A0337B0009EA9A /* Release */,
			);
			defaultConfigurationIsVisible = 0;
			defaultConfigurationName = Release;
		};
		85EF994821A0337B0009EA9A /* Build configuration list for PBXNativeTarget "ReizoukoTests" */ = {
			isa = XCConfigurationList;
			buildConfigurations = (
				85EF994921A0337B0009EA9A /* Debug */,
				85EF994A21A0337B0009EA9A /* Release */,
			);
			defaultConfigurationIsVisible = 0;
			defaultConfigurationName = Release;
		};
		85EF994B21A0337B0009EA9A /* Build configuration list for PBXNativeTarget "ReizoukoUITests" */ = {
			isa = XCConfigurationList;
			buildConfigurations = (
				85EF994C21A0337B0009EA9A /* Debug */,
				85EF994D21A0337B0009EA9A /* Release */,
			);
			defaultConfigurationIsVisible = 0;
			defaultConfigurationName = Release;
		};
/* End XCConfigurationList section */
	};
	rootObject = 85EF991521A033760009EA9A /* Project object */;
}
